
Microsoft Visual Studio Solution File, Format Version 12.00
# Visual Studio Version 17
VisualStudioVersion = 17.0.31903.59
MinimumVisualStudioVersion = 10.0.40219.1
Project("{FAE04EC0-301F-11D3-BF4B-00C04F79EFBC}") = "RevitAPILab_8_2_ExportNWC", "RevitAPILab_8_2_ExportNWC\RevitAPILab_8_2_ExportNWC.csproj", "{373A42BA-E9C5-4DEE-9170-67E2EB33A1B5}"
EndProject
Global
	GlobalSection(SolutionConfigurationPlatforms) = preSolution
		Debug|Any CPU = Debug|Any CPU
		Release|Any CPU = Release|Any CPU
	EndGlobalSection
	GlobalSection(ProjectConfigurationPlatforms) = postSolution
		{373A42BA-E9C5-4DEE-9170-67E2EB33A1B5}.Debug|Any CPU.ActiveCfg = Debug|Any CPU
		{373A42BA-E9C5-4DEE-9170-67E2EB33A1B5}.Debug|Any CPU.Build.0 = Debug|Any CPU
		{373A42BA-E9C5-4DEE-9170-67E2EB33A1B5}.Release|Any CPU.ActiveCfg = Release|Any CPU
		{373A42BA-E9C5-4DEE-9170-67E2EB33A1B5}.Release|Any CPU.Build.0 = Release|Any CPU
	EndGlobalSection
	GlobalSection(SolutionProperties) = preSolution
		HideSolutionNode = FALSE
	EndGlobalSection
	GlobalSection(ExtensibilityGlobals) = postSolution
		SolutionGuid = {F0E4C65F-C883-4A62-9523-EF032DE2D5FD}
	EndGlobalSection
EndGlobal
